
Microsoft Visual Studio Solution File, Format Version 12.00
# Visual Studio Version 17
VisualStudioVersion = 17.5.002.0
MinimumVisualStudioVersion = 10.0.40219.1
Project("{9A19103F-16F7-4668-BE54-9A1E7A4F7556}") = "SoftwareCompaniesManagement.Api", "SoftwareCompaniesManagement.Api.csproj", "{8E31D57E-704F-40D4-AB33-9C2AA77F7E03}"
EndProject
Global
	GlobalSection(SolutionConfigurationPlatforms) = preSolution
		Debug|Any CPU = Debug|Any CPU
		Release|Any CPU = Release|Any CPU
	EndGlobalSection
	GlobalSection(ProjectConfigurationPlatforms) = postSolution
		{8E31D57E-704F-40D4-AB33-9C2AA77F7E03}.Debug|Any CPU.ActiveCfg = Debug|Any CPU
		{8E31D57E-704F-40D4-AB33-9C2AA77F7E03}.Debug|Any CPU.Build.0 = Debug|Any CPU
		{8E31D57E-704F-40D4-AB33-9C2AA77F7E03}.Release|Any CPU.ActiveCfg = Release|Any CPU
		{8E31D57E-704F-40D4-AB33-9C2AA77F7E03}.Release|Any CPU.Build.0 = Release|Any CPU
	EndGlobalSection
	GlobalSection(SolutionProperties) = preSolution
		HideSolutionNode = FALSE
	EndGlobalSection
	GlobalSection(ExtensibilityGlobals) = postSolution
		SolutionGuid = {B4A9846E-82CC-422F-86AA-4E2ECAD5B72D}
	EndGlobalSection
EndGlobal
